{
  "lockfileVersion": 1,
  "configVersion": 1,
  "workspaces": {
    "": {
      "name": "@daemon/shell",
      "dependencies": {
        "bun-pty": "^0.3.2",
      },
    },
  },
  "packages": {
    "bun-pty": ["bun-pty@0.3.2", "", {}, "sha512-ZDNs03VX7uUzTTFgymM9m3nWvPNYkeWWHj7+aweI3O1F/5uu8yqdQ9HhGXjbcW8UDjVzNvVFg8UaPEvaQsEjLg=="],
  }
}
